
Microsoft Visual Studio Solution File, Format Version 12.00
# Visual Studio Version 17
VisualStudioVersion = 17.3.32922.545
MinimumVisualStudioVersion = 10.0.40219.1
Project("{FAE04EC0-301F-11D3-BF4B-00C04F79EFBC}") = "Wstep zaliczenia", "Wstep zaliczenia\Wstep zaliczenia.csproj", "{1907D951-5B70-4694-9E03-AE2AA3A7FAF2}"
EndProject
Global
	GlobalSection(SolutionConfigurationPlatforms) = preSolution
		Debug|Any CPU = Debug|Any CPU
		Release|Any CPU = Release|Any CPU
	EndGlobalSection
	GlobalSection(ProjectConfigurationPlatforms) = postSolution
		{1907D951-5B70-4694-9E03-AE2AA3A7FAF2}.Debug|Any CPU.ActiveCfg = Debug|Any CPU
		{1907D951-5B70-4694-9E03-AE2AA3A7FAF2}.Debug|Any CPU.Build.0 = Debug|Any CPU
		{1907D951-5B70-4694-9E03-AE2AA3A7FAF2}.Release|Any CPU.ActiveCfg = Release|Any CPU
		{1907D951-5B70-4694-9E03-AE2AA3A7FAF2}.Release|Any CPU.Build.0 = Release|Any CPU
	EndGlobalSection
	GlobalSection(SolutionProperties) = preSolution
		HideSolutionNode = FALSE
	EndGlobalSection
	GlobalSection(ExtensibilityGlobals) = postSolution
		SolutionGuid = {4BB06DA2-24B4-4CD3-9EDF-8A418D2AF617}
	EndGlobalSection
EndGlobal
